# THIS IS AN AUTOGENERATED FILE. DO NOT EDIT THIS FILE DIRECTLY.
# yarn lockfile v1


"@antfu/utils@^0.6.0":
  "integrity" "sha512-sEYpyyKUPOew9QsXZ8feRVMzW6DWLviwOl+/ap06UQW02A8Srbc95CPHVm4eUbiBzBgD46eyIT+przv//KSSlQ=="
  "resolved" "https://registry.npmmirror.com/@antfu/utils/-/utils-0.6.3.tgz"
  "version" "0.6.3"

"@babel/parser@^7.15.8", "@babel/parser@^7.16.4":
  "integrity" "sha512-OP/s5a94frIPXwjzEcv5S/tpQfc6XhxYUnmWpgdqMWGgYCuErA3SzozaRAMQgSZWKeTJxht9aWAkUY+0UzvOFg=="
  "resolved" "https://registry.npmmirror.com/@babel/parser/-/parser-7.20.3.tgz"
  "version" "7.20.3"

"@nodelib/fs.scandir@2.1.5":
  "integrity" "sha512-vq24Bq3ym5HEQm2NKCr3yXDwjc7vTsEThRDnkp2DK9p1uqLR+DHurm/NOTo0KG7HYHU7eppKZj3MyqYuMBf62g=="
  "resolved" "https://registry.npmmirror.com/@nodelib/fs.scandir/-/fs.scandir-2.1.5.tgz"
  "version" "2.1.5"
  dependencies:
    "@nodelib/fs.stat" "2.0.5"
    "run-parallel" "^1.1.9"

"@nodelib/fs.stat@^2.0.2", "@nodelib/fs.stat@2.0.5":
  "integrity" "sha512-RkhPPp2zrqDAQA/2jNhnztcPAlv64XdhIp7a7454A5ovI7Bukxgt7MX7udwAu3zg1DcpPU0rz3VV1SeaqvY4+A=="
  "resolved" "https://registry.npmmirror.com/@nodelib/fs.stat/-/fs.stat-2.0.5.tgz"
  "version" "2.0.5"

"@nodelib/fs.walk@^1.2.3":
  "integrity" "sha512-oGB+UxlgWcgQkgwo8GcEGwemoTFt3FIO9ababBmaGwXIoBKZ+GTy0pP185beGg7Llih/NSHSV2XAs1lnznocSg=="
  "resolved" "https://registry.npmmirror.com/@nodelib/fs.walk/-/fs.walk-1.2.8.tgz"
  "version" "1.2.8"
  dependencies:
    "@nodelib/fs.scandir" "2.1.5"
    "fastq" "^1.6.0"

"@rollup/pluginutils@^5.0.2":
  "integrity" "sha512-pTd9rIsP92h+B6wWwFbW8RkZv4hiR/xKsqre4SIuAOaOEQRxi0lqLke9k2/7WegC85GgUs9pjmOjCUi3In4vwA=="
  "resolved" "https://registry.npmmirror.com/@rollup/pluginutils/-/pluginutils-5.0.2.tgz"
  "version" "5.0.2"
  dependencies:
    "@types/estree" "^1.0.0"
    "estree-walker" "^2.0.2"
    "picomatch" "^2.3.1"

"@types/estree@^1.0.0":
  "integrity" "sha512-WulqXMDUTYAXCjZnk6JtIHPigp55cVtDgDrO2gHRwhyJto21+1zbVCtOYB2L1F9w4qCQ0rOGWBnBe0FNTiEJIQ=="
  "resolved" "https://registry.npmmirror.com/@types/estree/-/estree-1.0.0.tgz"
  "version" "1.0.0"

"@types/node@^18.11.9", "@types/node@>= 14":
  "integrity" "sha512-CRpX21/kGdzjOpFsZSkcrXMGIBWMGNIHXXBVFSH+ggkftxg+XYP20TESbh+zFvFj3EQOl5byk0HTRn1IL6hbqg=="
  "resolved" "https://registry.npmmirror.com/@types/node/-/node-18.11.9.tgz"
  "version" "18.11.9"

"@vant/icons@^1.8.0":
  "integrity" "sha512-sKfEUo2/CkQFuERxvkuF6mGQZDKu3IQdj5rV9Fm0weJXtchDSSQ+zt8qPCNUEhh9Y8shy5PzxbvAfOOkCwlCXg=="
  "resolved" "https://registry.npmmirror.com/@vant/icons/-/icons-1.8.0.tgz"
  "version" "1.8.0"

"@vant/popperjs@^1.2.1":
  "integrity" "sha512-hB+czUG+aHtjhaEmCJDuXOep0YTZjdlRR+4MSmIFnkCQIxJaXLQdSsR90XWvAI2yvKUI7TCGqR8pQg2RtvkMHw=="
  "resolved" "https://registry.npmmirror.com/@vant/popperjs/-/popperjs-1.3.0.tgz"
  "version" "1.3.0"

"@vant/use@^1.4.2":
  "integrity" "sha512-rSnETN7P9qT1WbItMpQxBqe3cHeK2ZFYp1sCxWUXaTeI71TqA8sOdzC36ledZ36NQgFNTch9fsRPYOkrCgZfQA=="
  "resolved" "https://registry.npmmirror.com/@vant/use/-/use-1.4.3.tgz"
  "version" "1.4.3"

"@vitejs/plugin-vue@^3.2.0":
  "integrity" "sha512-E0tnaL4fr+qkdCNxJ+Xd0yM31UwMkQje76fsDVBBUCoGOUPexu2VDUYHL8P4CwV+zMvWw6nlRw19OnRKmYAJpw=="
  "resolved" "https://registry.npmmirror.com/@vitejs/plugin-vue/-/plugin-vue-3.2.0.tgz"
  "version" "3.2.0"

"@volar/language-core@1.0.9":
  "integrity" "sha512-5Fty3slLet6svXiJw2YxhYeo6c7wFdtILrql5bZymYLM+HbiZtJbryW1YnUEKAP7MO9Mbeh+TNH4Z0HFxHgIqw=="
  "resolved" "https://registry.npmmirror.com/@volar/language-core/-/language-core-1.0.9.tgz"
  "version" "1.0.9"
  dependencies:
    "@volar/source-map" "1.0.9"
    "@vue/reactivity" "^3.2.40"
    "muggle-string" "^0.1.0"

"@volar/source-map@1.0.9":
  "integrity" "sha512-fazB/vy5ZEJ3yKx4fabJyGNI3CBkdLkfEIRVu6+1P3VixK0Mn+eqyUIkLBrzGYaeFM3GybhCLCvsVdNz0Fu/CQ=="
  "resolved" "https://registry.npmmirror.com/@volar/source-map/-/source-map-1.0.9.tgz"
  "version" "1.0.9"
  dependencies:
    "muggle-string" "^0.1.0"

"@volar/typescript@1.0.9":
  "integrity" "sha512-dVziu+ShQUWuMukM6bvK2v2O446/gG6l1XkTh2vfkccw1IzjfbiP1TWQoNo1ipTfZOtu5YJGYAx+o5HNrGXWfQ=="
  "resolved" "https://registry.npmmirror.com/@volar/typescript/-/typescript-1.0.9.tgz"
  "version" "1.0.9"
  dependencies:
    "@volar/language-core" "1.0.9"

"@volar/vue-language-core@1.0.9":
  "integrity" "sha512-tofNoR8ShPFenHT1YVMuvoXtXWwoQE+fiXVqSmW0dSKZqEDjWQ3YeXSd0a6aqyKaIbvR7kWWGp34WbpQlwf9Ww=="
  "resolved" "https://registry.npmmirror.com/@volar/vue-language-core/-/vue-language-core-1.0.9.tgz"
  "version" "1.0.9"
  dependencies:
    "@volar/language-core" "1.0.9"
    "@volar/source-map" "1.0.9"
    "@vue/compiler-dom" "^3.2.40"
    "@vue/compiler-sfc" "^3.2.40"
    "@vue/reactivity" "^3.2.40"
    "@vue/shared" "^3.2.40"
    "minimatch" "^5.1.0"
    "vue-template-compiler" "^2.7.10"

"@volar/vue-typescript@1.0.9":
  "integrity" "sha512-ZLe4y9YNbviACa7uAMCilzxA76gbbSlKfjspXBzk6fCobd8QCIig+VyDYcjANIlm2HhgSCX8jYTzhCKlegh4mw=="
  "resolved" "https://registry.npmmirror.com/@volar/vue-typescript/-/vue-typescript-1.0.9.tgz"
  "version" "1.0.9"
  dependencies:
    "@volar/typescript" "1.0.9"
    "@volar/vue-language-core" "1.0.9"

"@vue/compiler-core@3.2.42":
  "integrity" "sha512-qKpDdoGaKq53T1+U4R7pk62QeDe8Kc6RN1xSd7tGi4DK3mGrqT32gyOL542wpt73Ftza0AvWmVCchmKtTpwxDg=="
  "resolved" "https://registry.npmmirror.com/@vue/compiler-core/-/compiler-core-3.2.42.tgz"
  "version" "3.2.42"
  dependencies:
    "@babel/parser" "^7.16.4"
    "@vue/shared" "3.2.42"
    "estree-walker" "^2.0.2"
    "source-map" "^0.6.1"

"@vue/compiler-core@3.2.44":
  "integrity" "sha512-TwzeVSnaklb8wIvMtwtkPkt9wnU+XD70xJ7N9+eIHtjKAG7OoZttm+14ZL6vWOL+2RcMtSZ+cYH+gvkUqsrmSQ=="
  "resolved" "https://registry.npmmirror.com/@vue/compiler-core/-/compiler-core-3.2.44.tgz"
  "version" "3.2.44"
  dependencies:
    "@babel/parser" "^7.16.4"
    "@vue/shared" "3.2.44"
    "estree-walker" "^2.0.2"
    "source-map" "^0.6.1"

"@vue/compiler-dom@^3.2.40", "@vue/compiler-dom@3.2.44":
  "integrity" "sha512-wPDR+gOn2Qi7SudPJ+gE62vuO/aKXIiIFALvHpztXmDdbAHGy3CDfmBgOGchTgTlSeDJHe9olEMkgOdmyXTjUg=="
  "resolved" "https://registry.npmmirror.com/@vue/compiler-dom/-/compiler-dom-3.2.44.tgz"
  "version" "3.2.44"
  dependencies:
    "@vue/compiler-core" "3.2.44"
    "@vue/shared" "3.2.44"

"@vue/compiler-dom@3.2.42":
  "integrity" "sha512-QVrAVX9zzvLltyQy1uxxgOmsKLStFalw0f/8HEdWIR95YjJsNo3S3SwBJDR2cnjwcVGftXBLksf1ikMyAl8bUw=="
  "resolved" "https://registry.npmmirror.com/@vue/compiler-dom/-/compiler-dom-3.2.42.tgz"
  "version" "3.2.42"
  dependencies:
    "@vue/compiler-core" "3.2.42"
    "@vue/shared" "3.2.42"

"@vue/compiler-sfc@^3.2.40":
  "integrity" "sha512-8cFZcUWlrtnfM/GlRwYJdlfgbEOy0OZ/osLDU3h/wJu24HuYAc7QIML1USaKqiZzkjOaTd4y8mvYvcWXq3o5dA=="
  "resolved" "https://registry.npmmirror.com/@vue/compiler-sfc/-/compiler-sfc-3.2.44.tgz"
  "version" "3.2.44"
  dependencies:
    "@babel/parser" "^7.16.4"
    "@vue/compiler-core" "3.2.44"
    "@vue/compiler-dom" "3.2.44"
    "@vue/compiler-ssr" "3.2.44"
    "@vue/reactivity-transform" "3.2.44"
    "@vue/shared" "3.2.44"
    "estree-walker" "^2.0.2"
    "magic-string" "^0.25.7"
    "postcss" "^8.1.10"
    "source-map" "^0.6.1"

"@vue/compiler-sfc@3.2.42":
  "integrity" "sha512-lWiyxMfQ3SXGhFszSpKuPT5JcSM1ypAbLJOpHpCqvbSaJE+FAZYMbFzAC/y4MC3jSbNQ0moWncOS1gO4aXMbNQ=="
  "resolved" "https://registry.npmmirror.com/@vue/compiler-sfc/-/compiler-sfc-3.2.42.tgz"
  "version" "3.2.42"
  dependencies:
    "@babel/parser" "^7.16.4"
    "@vue/compiler-core" "3.2.42"
    "@vue/compiler-dom" "3.2.42"
    "@vue/compiler-ssr" "3.2.42"
    "@vue/reactivity-transform" "3.2.42"
    "@vue/shared" "3.2.42"
    "estree-walker" "^2.0.2"
    "magic-string" "^0.25.7"
    "postcss" "^8.1.10"
    "source-map" "^0.6.1"

"@vue/compiler-ssr@3.2.42":
  "integrity" "sha512-2Q0IclcvsX1A8N8/M7Ub32gitdnKdsjRHdj6R3Z/HGW34CXGsb4tHzjthOuT5fiyPG+CzyyAn4HiqCN8oI4iqg=="
  "resolved" "https://registry.npmmirror.com/@vue/compiler-ssr/-/compiler-ssr-3.2.42.tgz"
  "version" "3.2.42"
  dependencies:
    "@vue/compiler-dom" "3.2.42"
    "@vue/shared" "3.2.42"

"@vue/compiler-ssr@3.2.44":
  "integrity" "sha512-tAkUFLgvxds3l5KPyAH77OIYrEeLngNYQfWA9GocHiy2nlyajjqAH/Jq93Bq29Y20GeJzblmRp9DVYCVkJ5Rsw=="
  "resolved" "https://registry.npmmirror.com/@vue/compiler-ssr/-/compiler-ssr-3.2.44.tgz"
  "version" "3.2.44"
  dependencies:
    "@vue/compiler-dom" "3.2.44"
    "@vue/shared" "3.2.44"

"@vue/devtools-api@^6.0.0-beta.11", "@vue/devtools-api@^6.4.5":
  "integrity" "sha512-JD5fcdIuFxU4fQyXUu3w2KpAJHzTVdN+p4iOX2lMWSHMOoQdMAcpFLZzm9Z/2nmsoZ1a96QEhZ26e50xLBsgOQ=="
  "resolved" "https://registry.npmmirror.com/@vue/devtools-api/-/devtools-api-6.4.5.tgz"
  "version" "6.4.5"

"@vue/reactivity-transform@3.2.42":
  "integrity" "sha512-u5Qp09PCGa0yJqfbHbJXDfm9BrNx5xYtHIl5CuWbnUtBAxr8vKRjMZmFpa4CmSufixWcbwvKvSD9weamEVbfeA=="
  "resolved" "https://registry.npmmirror.com/@vue/reactivity-transform/-/reactivity-transform-3.2.42.tgz"
  "version" "3.2.42"
  dependencies:
    "@babel/parser" "^7.16.4"
    "@vue/compiler-core" "3.2.42"
    "@vue/shared" "3.2.42"
    "estree-walker" "^2.0.2"
    "magic-string" "^0.25.7"

"@vue/reactivity-transform@3.2.44":
  "integrity" "sha512-WGbEiXaS2qAOTS9Z3kKk2Nk4bi8OUl73Sih+h0XV9RTUATnaJSEQedveHUDQnHyXiZwyBMKosrxJg8aThHO/rw=="
  "resolved" "https://registry.npmmirror.com/@vue/reactivity-transform/-/reactivity-transform-3.2.44.tgz"
  "version" "3.2.44"
  dependencies:
    "@babel/parser" "^7.16.4"
    "@vue/compiler-core" "3.2.44"
    "@vue/shared" "3.2.44"
    "estree-walker" "^2.0.2"
    "magic-string" "^0.25.7"

"@vue/reactivity@^3.2.40":
  "integrity" "sha512-Fe0s52fTsPl+RSdvoqUZ3HRKlaVsKhIh1mea5EWOedFvZCjnymzlj3YC1wZMxi89qXRFSdEASVA/BWUGypk0Ig=="
  "resolved" "https://registry.npmmirror.com/@vue/reactivity/-/reactivity-3.2.44.tgz"
  "version" "3.2.44"
  dependencies:
    "@vue/shared" "3.2.44"

"@vue/reactivity@3.2.42":
  "integrity" "sha512-X30I+iS7d6c8DZDY7SqahkTRN2THfnkNtf0oCUktuk2gTKRxNOzaARItSmsPKLC7UVUG61Hne8Si3wtQBBDj+A=="
  "resolved" "https://registry.npmmirror.com/@vue/reactivity/-/reactivity-3.2.42.tgz"
  "version" "3.2.42"
  dependencies:
    "@vue/shared" "3.2.42"

"@vue/runtime-core@3.2.42":
  "integrity" "sha512-9JCPD4k/p4eXXc5ja+YcYwGu+ES9BIgoVty7UlOMEG0Bdz7awxxY78PXIHg1b7HlxQuUdGq6r3COg1cyvDrRCw=="
  "resolved" "https://registry.npmmirror.com/@vue/runtime-core/-/runtime-core-3.2.42.tgz"
  "version" "3.2.42"
  dependencies:
    "@vue/reactivity" "3.2.42"
    "@vue/shared" "3.2.42"

"@vue/runtime-dom@3.2.42":
  "integrity" "sha512-i4OZblZQvFjJ/isNo+jrqXsjJgq4Nz0R/W2iNu40pTLJrikijYPaUOcOJcjVih9eL7zz101RJsbP8zKluQLqRA=="
  "resolved" "https://registry.npmmirror.com/@vue/runtime-dom/-/runtime-dom-3.2.42.tgz"
  "version" "3.2.42"
  dependencies:
    "@vue/runtime-core" "3.2.42"
    "@vue/shared" "3.2.42"
    "csstype" "^2.6.8"

"@vue/server-renderer@3.2.42":
  "integrity" "sha512-xo6XMaJTuKmYRlnS53QN358j0pmZMFNtisLkzV7oXFww0bpkn2MzjkPt4YvOjMNto9NlI609xQKJboEk5nMu2A=="
  "resolved" "https://registry.npmmirror.com/@vue/server-renderer/-/server-renderer-3.2.42.tgz"
  "version" "3.2.42"
  dependencies:
    "@vue/compiler-ssr" "3.2.42"
    "@vue/shared" "3.2.42"

"@vue/shared@^3.2.40", "@vue/shared@3.2.44":
  "integrity" "sha512-mGZ44bnn0zpZ36nXtxbrBPno43yr96wjQE1dBEKS1Sieugt27HS4OGZVBRIgsdGzosB7vqZAvu0ttu1FDVdolA=="
  "resolved" "https://registry.npmmirror.com/@vue/shared/-/shared-3.2.44.tgz"
  "version" "3.2.44"

"@vue/shared@3.2.42":
  "integrity" "sha512-cheJw3tpW34LWVUL3fySuwCmF1/gFBHWZ3WjmMcBIHMcnKrS/SRapvkbYWzyw5FiM8OcpYHO5e7hWYOFCsyHmA=="
  "resolved" "https://registry.npmmirror.com/@vue/shared/-/shared-3.2.42.tgz"
  "version" "3.2.42"

"acorn@^8.8.0":
  "integrity" "sha512-7zFpHzhnqYKrkYdUjF1HI1bzd0VygEGX8lFk4k5zVMqHEoES+P+7TKI+EvLO9WVMJ8eekdO0aDEK044xTXwPPA=="
  "resolved" "https://registry.npmmirror.com/acorn/-/acorn-8.8.1.tgz"
  "version" "8.8.1"

"anymatch@~3.1.2":
  "integrity" "sha512-P43ePfOAIupkguHUycrc4qJ9kz8ZiuOUijaETwX7THt0Y/GNK7v0aa8rY816xWjZ7rJdA5XdMcpVFTKMq+RvWg=="
  "resolved" "https://registry.npmmirror.com/anymatch/-/anymatch-3.1.2.tgz"
  "version" "3.1.2"
  dependencies:
    "normalize-path" "^3.0.0"
    "picomatch" "^2.0.4"

"autoprefixer@^10.4.13":
  "integrity" "sha512-49vKpMqcZYsJjwotvt4+h/BCjJVnhGwcLpDt5xkcaOG3eLrG/HUYLagrihYsQ+qrIBgIzX1Rw7a6L8I/ZA1Atg=="
  "resolved" "https://registry.npmmirror.com/autoprefixer/-/autoprefixer-10.4.13.tgz"
  "version" "10.4.13"
  dependencies:
    "browserslist" "^4.21.4"
    "caniuse-lite" "^1.0.30001426"
    "fraction.js" "^4.2.0"
    "normalize-range" "^0.1.2"
    "picocolors" "^1.0.0"
    "postcss-value-parser" "^4.2.0"

"balanced-match@^1.0.0":
  "integrity" "sha512-3oSeUO0TMV67hN1AmbXsK4yaqU7tjiHlbxRDZOpH0KW9+CeX4bRAaX0Anxt0tx2MrpRpWwQaPwIlISEJhYU5Pw=="
  "resolved" "https://registry.npmmirror.com/balanced-match/-/balanced-match-1.0.2.tgz"
  "version" "1.0.2"

"binary-extensions@^2.0.0":
  "integrity" "sha512-jDctJ/IVQbZoJykoeHbhXpOlNBqGNcwXJKJog42E5HDPUwQTSdjCHdihjj0DlnheQ7blbT6dHOafNAiS8ooQKA=="
  "resolved" "https://registry.npmmirror.com/binary-extensions/-/binary-extensions-2.2.0.tgz"
  "version" "2.2.0"

"brace-expansion@^2.0.1":
  "integrity" "sha512-XnAIvQ8eM+kC6aULx6wuQiwVsnzsi9d3WxzV3FpWTGA19F621kwdbsAcFKXgKUHZWsy+mY6iL1sHTxWEFCytDA=="
  "resolved" "https://registry.npmmirror.com/brace-expansion/-/brace-expansion-2.0.1.tgz"
  "version" "2.0.1"
  dependencies:
    "balanced-match" "^1.0.0"

"braces@^3.0.2", "braces@~3.0.2":
  "integrity" "sha512-b8um+L1RzM3WDSzvhm6gIz1yfTbBt6YTlcEKAvsmqCZZFw46z626lVj9j1yEPW33H5H+lBQpZMP1k8l+78Ha0A=="
  "resolved" "https://registry.npmmirror.com/braces/-/braces-3.0.2.tgz"
  "version" "3.0.2"
  dependencies:
    "fill-range" "^7.0.1"

"browserslist@^4.21.4", "browserslist@>= 4.21.0":
  "integrity" "sha512-CBHJJdDmgjl3daYjN5Cp5kbTf1mUhZoS+beLklHIvkOWscs83YAhLlF3Wsh/lciQYAcbBJgTOD44VtG31ZM4Hw=="
  "resolved" "https://registry.npmmirror.com/browserslist/-/browserslist-4.21.4.tgz"
  "version" "4.21.4"
  dependencies:
    "caniuse-lite" "^1.0.30001400"
    "electron-to-chromium" "^1.4.251"
    "node-releases" "^2.0.6"
    "update-browserslist-db" "^1.0.9"

"caniuse-lite@^1.0.30001400", "caniuse-lite@^1.0.30001426":
  "integrity" "sha512-zBUoFU0ZcxpvSt9IU66dXVT/3ctO1cy4y9cscs1szkPlcWb6pasYM144GqrUygUbT+k7cmUCW61cvskjcv0enQ=="
  "resolved" "https://registry.npmmirror.com/caniuse-lite/-/caniuse-lite-1.0.30001431.tgz"
  "version" "1.0.30001431"

"chokidar@^3.5.3", "chokidar@>=2.0.0 <4.0.0":
  "integrity" "sha512-Dr3sfKRP6oTcjf2JmUmFJfeVMvXBdegxB0iVQ5eb2V10uFJUCAS8OByZdVAyVb8xXNz3GjjTgj9kLWsZTqE6kw=="
  "resolved" "https://registry.npmmirror.com/chokidar/-/chokidar-3.5.3.tgz"
  "version" "3.5.3"
  dependencies:
    "anymatch" "~3.1.2"
    "braces" "~3.0.2"
    "glob-parent" "~5.1.2"
    "is-binary-path" "~2.1.0"
    "is-glob" "~4.0.1"
    "normalize-path" "~3.0.0"
    "readdirp" "~3.6.0"
  optionalDependencies:
    "fsevents" "~2.3.2"

"csstype@^2.6.8":
  "integrity" "sha512-Z1PhmomIfypOpoMjRQB70jfvy/wxT50qW08YXO5lMIJkrdq4yOTR+AW7FqutScmB9NkLwxo+jU+kZLbofZZq/w=="
  "resolved" "https://registry.npmmirror.com/csstype/-/csstype-2.6.21.tgz"
  "version" "2.6.21"

"de-indent@^1.0.2":
  "integrity" "sha512-e/1zu3xH5MQryN2zdVaF0OrdNLUbvWxzMbi+iNA6Bky7l1RoP8a2fIbRocyHclXt/arDrrR6lL3TqFD9pMQTsg=="
  "resolved" "https://registry.npmmirror.com/de-indent/-/de-indent-1.0.2.tgz"
  "version" "1.0.2"

"debug@^4.3.4":
  "integrity" "sha512-PRWFHuSU3eDtQJPvnNY7Jcket1j0t5OuOsFzPPzsekD52Zl8qUfFIPEiswXqIvHWGVHOgX+7G/vCNNhehwxfkQ=="
  "resolved" "https://registry.npmmirror.com/debug/-/debug-4.3.4.tgz"
  "version" "4.3.4"
  dependencies:
    "ms" "2.1.2"

"dom7@^4.0.4":
  "integrity" "sha512-DSSgBzQ4rJWQp1u6o+3FVwMNnT5bzQbMb+o31TjYYeRi05uAcpF8koxdfzeoe5ElzPmua7W7N28YJhF7iEKqIw=="
  "resolved" "https://registry.npmmirror.com/dom7/-/dom7-4.0.4.tgz"
  "version" "4.0.4"
  dependencies:
    "ssr-window" "^4.0.0"

"electron-to-chromium@^1.4.251":
  "integrity" "sha512-M8WEXFuKXMYMVr45fo8mq0wUrrJHheiKZf6BArTKk9ZBYCKJEOU5H8cdWgDT+qCVZf7Na4lVUaZsA+h6uA9+PA=="
  "resolved" "https://registry.npmmirror.com/electron-to-chromium/-/electron-to-chromium-1.4.284.tgz"
  "version" "1.4.284"

"esbuild-darwin-64@0.15.13":
  "integrity" "sha512-WAx7c2DaOS6CrRcoYCgXgkXDliLnFv3pQLV6GeW1YcGEZq2Gnl8s9Pg7ahValZkpOa0iE/ojRVQ87sbUhF1Cbg=="
  "resolved" "https://registry.npmmirror.com/esbuild-darwin-64/-/esbuild-darwin-64-0.15.13.tgz"
  "version" "0.15.13"

"esbuild@^0.15.9":
  "integrity" "sha512-Cu3SC84oyzzhrK/YyN4iEVy2jZu5t2fz66HEOShHURcjSkOSAVL8C/gfUT+lDJxkVHpg8GZ10DD0rMHRPqMFaQ=="
  "resolved" "https://registry.npmmirror.com/esbuild/-/esbuild-0.15.13.tgz"
  "version" "0.15.13"
  optionalDependencies:
    "@esbuild/android-arm" "0.15.13"
    "@esbuild/linux-loong64" "0.15.13"
    "esbuild-android-64" "0.15.13"
    "esbuild-android-arm64" "0.15.13"
    "esbuild-darwin-64" "0.15.13"
    "esbuild-darwin-arm64" "0.15.13"
    "esbuild-freebsd-64" "0.15.13"
    "esbuild-freebsd-arm64" "0.15.13"
    "esbuild-linux-32" "0.15.13"
    "esbuild-linux-64" "0.15.13"
    "esbuild-linux-arm" "0.15.13"
    "esbuild-linux-arm64" "0.15.13"
    "esbuild-linux-mips64le" "0.15.13"
    "esbuild-linux-ppc64le" "0.15.13"
    "esbuild-linux-riscv64" "0.15.13"
    "esbuild-linux-s390x" "0.15.13"
    "esbuild-netbsd-64" "0.15.13"
    "esbuild-openbsd-64" "0.15.13"
    "esbuild-sunos-64" "0.15.13"
    "esbuild-windows-32" "0.15.13"
    "esbuild-windows-64" "0.15.13"
    "esbuild-windows-arm64" "0.15.13"

"escalade@^3.1.1":
  "integrity" "sha512-k0er2gUkLf8O0zKJiAhmkTnJlTvINGv7ygDNPbeIsX/TJjGJZHuh9B2UxbsaEkmlEo9MfhrSzmhIlhRlI2GXnw=="
  "resolved" "https://registry.npmmirror.com/escalade/-/escalade-3.1.1.tgz"
  "version" "3.1.1"

"estree-walker@^2.0.2":
  "integrity" "sha512-Rfkk/Mp/DL7JVje3u18FxFujQlTNR2q6QfMSMB7AvCBx91NGj/ba3kCfza0f6dVDbw7YlRf/nDrn7pQrCCyQ/w=="
  "resolved" "https://registry.npmmirror.com/estree-walker/-/estree-walker-2.0.2.tgz"
  "version" "2.0.2"

"fast-glob@^3.2.12":
  "integrity" "sha512-DVj4CQIYYow0BlaelwK1pHl5n5cRSJfM60UA0zK891sVInoPri2Ekj7+e1CT3/3qxXenpI+nBBmQAcJPJgaj4w=="
  "resolved" "https://registry.npmmirror.com/fast-glob/-/fast-glob-3.2.12.tgz"
  "version" "3.2.12"
  dependencies:
    "@nodelib/fs.stat" "^2.0.2"
    "@nodelib/fs.walk" "^1.2.3"
    "glob-parent" "^5.1.2"
    "merge2" "^1.3.0"
    "micromatch" "^4.0.4"

"fastq@^1.6.0":
  "integrity" "sha512-YpkpUnK8od0o1hmeSc7UUs/eB/vIPWJYjKck2QKIzAf71Vm1AAQ3EbuZB3g2JIy+pg+ERD0vqI79KyZiB2e2Nw=="
  "resolved" "https://registry.npmmirror.com/fastq/-/fastq-1.13.0.tgz"
  "version" "1.13.0"
  dependencies:
    "reusify" "^1.0.4"

"fill-range@^7.0.1":
  "integrity" "sha512-qOo9F+dMUmC2Lcb4BbVvnKJxTPjCm+RRpe4gDuGrzkL7mEVl/djYSu2OdQ2Pa302N4oqkSg9ir6jaLWJ2USVpQ=="
  "resolved" "https://registry.npmmirror.com/fill-range/-/fill-range-7.0.1.tgz"
  "version" "7.0.1"
  dependencies:
    "to-regex-range" "^5.0.1"

"fraction.js@^4.2.0":
  "integrity" "sha512-MhLuK+2gUcnZe8ZHlaaINnQLl0xRIGRfcGk2yl8xoQAfHrSsL3rYu6FCmBdkdbhc9EPlwyGHewaRsvwRMJtAlA=="
  "resolved" "https://registry.npmmirror.com/fraction.js/-/fraction.js-4.2.0.tgz"
  "version" "4.2.0"

"fsevents@~2.3.2":
  "integrity" "sha512-xiqMQR4xAeHTuB9uWm+fFRcIOgKBMiOBP+eXiyT7jsgVCq1bkVygt00oASowB7EdtpOHaaPgKt812P9ab+DDKA=="
  "resolved" "https://registry.npmmirror.com/fsevents/-/fsevents-2.3.2.tgz"
  "version" "2.3.2"

"function-bind@^1.1.1":
  "integrity" "sha512-yIovAzMX49sF8Yl58fSCWJ5svSLuaibPxXQJFLmBObTuCr0Mf1KiPopGM9NiFjiYBCbfaa2Fh6breQ6ANVTI0A=="
  "resolved" "https://registry.npmmirror.com/function-bind/-/function-bind-1.1.1.tgz"
  "version" "1.1.1"

"glob-parent@^5.1.2", "glob-parent@~5.1.2":
  "integrity" "sha512-AOIgSQCepiJYwP3ARnGx+5VnTu2HBYdzbGP45eLw1vr3zB3vZLeyed1sC9hnbcOc9/SrMyM5RPQrkGz4aS9Zow=="
  "resolved" "https://registry.npmmirror.com/glob-parent/-/glob-parent-5.1.2.tgz"
  "version" "5.1.2"
  dependencies:
    "is-glob" "^4.0.1"

"has@^1.0.3":
  "integrity" "sha512-f2dvO0VU6Oej7RkWJGrehjbzMAjFp5/VKPp5tTpWIV4JHHZK1/BxbFRtf/siA2SWTe09caDmVtYYzWEIbBS4zw=="
  "resolved" "https://registry.npmmirror.com/has/-/has-1.0.3.tgz"
  "version" "1.0.3"
  dependencies:
    "function-bind" "^1.1.1"

"he@^1.2.0":
  "integrity" "sha512-F/1DnUGPopORZi0ni+CvrCgHQ5FyEAHRLSApuYWMmrbSwoN2Mn/7k+Gl38gJnR7yyDZk6WLXwiGod1JOWNDKGw=="
  "resolved" "https://registry.npmmirror.com/he/-/he-1.2.0.tgz"
  "version" "1.2.0"

"is-binary-path@~2.1.0":
  "integrity" "sha512-ZMERYes6pDydyuGidse7OsHxtbI7WVeUEozgR/g7rd0xUimYNlvZRE/K2MgZTjWy725IfelLeVcEM97mmtRGXw=="
  "resolved" "https://registry.npmmirror.com/is-binary-path/-/is-binary-path-2.1.0.tgz"
  "version" "2.1.0"
  dependencies:
    "binary-extensions" "^2.0.0"

"is-core-module@^2.9.0":
  "integrity" "sha512-RRjxlvLDkD1YJwDbroBHMb+cukurkDWNyHx7D3oNB5x9rb5ogcksMC5wHCadcXoo67gVr/+3GFySh3134zi6rw=="
  "resolved" "https://registry.npmmirror.com/is-core-module/-/is-core-module-2.11.0.tgz"
  "version" "2.11.0"
  dependencies:
    "has" "^1.0.3"

"is-extglob@^2.1.1":
  "integrity" "sha512-SbKbANkN603Vi4jEZv49LeVJMn4yGwsbzZworEoyEiutsN3nJYdbO36zfhGJ6QEDpOZIFkDtnq5JRxmvl3jsoQ=="
  "resolved" "https://registry.npmmirror.com/is-extglob/-/is-extglob-2.1.1.tgz"
  "version" "2.1.1"

"is-glob@^4.0.1", "is-glob@~4.0.1":
  "integrity" "sha512-xelSayHH36ZgE7ZWhli7pW34hNbNl8Ojv5KVmkJD4hBdD3th8Tfk9vYasLM+mXWOZhFkgZfxhLSnrwRr4elSSg=="
  "resolved" "https://registry.npmmirror.com/is-glob/-/is-glob-4.0.3.tgz"
  "version" "4.0.3"
  dependencies:
    "is-extglob" "^2.1.1"

"is-number@^7.0.0":
  "integrity" "sha512-41Cifkg6e8TylSpdtTpeLVMqvSBEVzTttHvERD741+pnZ8ANv0004MRL43QKPDlK9cGvNp6NZWZUBlbGXYxxng=="
  "resolved" "https://registry.npmmirror.com/is-number/-/is-number-7.0.0.tgz"
  "version" "7.0.0"

"lib-flexible@0.3":
  "integrity" "sha512-9yowMWA70tKhKdCJDaltY0mNQG4OWo7pWKScnTp9aiSxS7s20ZYlwBRE3335nweOf5qKXVC7sDxJwMPM8/MFZg=="
  "resolved" "https://registry.npmmirror.com/lib-flexible/-/lib-flexible-0.3.2.tgz"
  "version" "0.3.2"

"local-pkg@^0.4.2":
  "integrity" "sha512-mlERgSPrbxU3BP4qBqAvvwlgW4MTg78iwJdGGnv7kibKjWcJksrG3t6LB5lXI93wXRDvG4NpUgJFmTG4T6rdrg=="
  "resolved" "https://registry.npmmirror.com/local-pkg/-/local-pkg-0.4.2.tgz"
  "version" "0.4.2"

"magic-string@^0.25.7":
  "integrity" "sha512-RmF0AsMzgt25qzqqLc1+MbHmhdx0ojF2Fvs4XnOqz2ZOBXzzkEwc/dJQZCYHAn7v1jbVOjAZfK8msRn4BxO4VQ=="
  "resolved" "https://registry.npmmirror.com/magic-string/-/magic-string-0.25.9.tgz"
  "version" "0.25.9"
  dependencies:
    "sourcemap-codec" "^1.4.8"

"magic-string@^0.26.7":
  "integrity" "sha512-hX9XH3ziStPoPhJxLq1syWuZMxbDvGNbVchfrdCtanC7D13888bMFow61x8axrx+GfHLtVeAx2kxL7tTGRl+Ow=="
  "resolved" "https://registry.npmmirror.com/magic-string/-/magic-string-0.26.7.tgz"
  "version" "0.26.7"
  dependencies:
    "sourcemap-codec" "^1.4.8"

"merge2@^1.3.0":
  "integrity" "sha512-8q7VEgMJW4J8tcfVPy8g09NcQwZdbwFEqhe/WZkoIzjn/3TGDwtOCYtXGxA3O8tPzpczCCDgv+P2P5y00ZJOOg=="
  "resolved" "https://registry.npmmirror.com/merge2/-/merge2-1.4.1.tgz"
  "version" "1.4.1"

"micromatch@^4.0.4":
  "integrity" "sha512-DMy+ERcEW2q8Z2Po+WNXuw3c5YaUSFjAO5GsJqfEl7UjvtIuFKO6ZrKvcItdy98dwFI2N1tg3zNIdKaQT+aNdA=="
  "resolved" "https://registry.npmmirror.com/micromatch/-/micromatch-4.0.5.tgz"
  "version" "4.0.5"
  dependencies:
    "braces" "^3.0.2"
    "picomatch" "^2.3.1"

"minimatch@^5.1.0":
  "integrity" "sha512-9TPBGGak4nHfGZsPBohm9AWg6NoT7QTCehS3BIJABslyZbzxfV78QM2Y6+i741OPZIafFAaiiEMh5OyIrJPgtg=="
  "resolved" "https://registry.npmmirror.com/minimatch/-/minimatch-5.1.0.tgz"
  "version" "5.1.0"
  dependencies:
    "brace-expansion" "^2.0.1"

"ms@2.1.2":
  "integrity" "sha512-sGkPx+VjMtmA6MX27oA4FBFELFCZZ4S4XqeGOXCv68tT+jb3vk/RyaKWP0PTKyWtmLSM0b+adUTEvbs1PEaH2w=="
  "resolved" "https://registry.npmmirror.com/ms/-/ms-2.1.2.tgz"
  "version" "2.1.2"

"muggle-string@^0.1.0":
  "integrity" "sha512-Tr1knR3d2mKvvWthlk7202rywKbiOm4rVFLsfAaSIhJ6dt9o47W4S+JMtWhd/PW9Wrdew2/S2fSvhz3E2gkfEg=="
  "resolved" "https://registry.npmmirror.com/muggle-string/-/muggle-string-0.1.0.tgz"
  "version" "0.1.0"

"nanoid@^3.3.4":
  "integrity" "sha512-MqBkQh/OHTS2egovRtLk45wEyNXwF+cokD+1YPf9u5VfJiRdAiRwB2froX5Co9Rh20xs4siNPm8naNotSD6RBw=="
  "resolved" "https://registry.npmmirror.com/nanoid/-/nanoid-3.3.4.tgz"
  "version" "3.3.4"

"node-releases@^2.0.6":
  "integrity" "sha512-PiVXnNuFm5+iYkLBNeq5211hvO38y63T0i2KKh2KnUs3RpzJ+JtODFjkD8yjLwnDkTYF1eKXheUwdssR+NRZdg=="
  "resolved" "https://registry.npmmirror.com/node-releases/-/node-releases-2.0.6.tgz"
  "version" "2.0.6"

"normalize-path@^3.0.0", "normalize-path@~3.0.0":
  "integrity" "sha512-6eZs5Ls3WtCisHWp9S2GUy8dqkpGi4BVSz3GaqiE6ezub0512ESztXUwUB6C6IKbQkY2Pnb/mD4WYojCRwcwLA=="
  "resolved" "https://registry.npmmirror.com/normalize-path/-/normalize-path-3.0.0.tgz"
  "version" "3.0.0"

"normalize-range@^0.1.2":
  "integrity" "sha512-bdok/XvKII3nUpklnV6P2hxtMNrCboOjAcyBuQnWEhO665FwrSNRxU+AqpsyvO6LgGYPspN+lu5CLtw4jPRKNA=="
  "resolved" "https://registry.npmmirror.com/normalize-range/-/normalize-range-0.1.2.tgz"
  "version" "0.1.2"

"object-assign@>=4.0.1":
  "integrity" "sha512-rJgTQnkUnH1sFw8yT6VSU3zD3sWmu6sZhIseY8VX+GRu3P6F7Fu+JNDoXfklElbLJSnc3FUQHVe4cU5hj+BcUg=="
  "resolved" "https://registry.npmmirror.com/object-assign/-/object-assign-4.1.1.tgz"
  "version" "4.1.1"

"path-parse@^1.0.7":
  "integrity" "sha512-LDJzPVEEEPR+y48z93A0Ed0yXb8pAByGWo/k5YYdYgpY2/2EsOsksJrq7lOHxryrVOn1ejG6oAp8ahvOIQD8sw=="
  "resolved" "https://registry.npmmirror.com/path-parse/-/path-parse-1.0.7.tgz"
  "version" "1.0.7"

"picocolors@^0.2.1":
  "integrity" "sha512-cMlDqaLEqfSaW8Z7N5Jw+lyIW869EzT73/F5lhtY9cLGoVxSXznfgfXMO0Z5K0o0Q2TkTXq+0KFsdnSe3jDViA=="
  "resolved" "https://registry.npmmirror.com/picocolors/-/picocolors-0.2.1.tgz"
  "version" "0.2.1"

"picocolors@^1.0.0":
  "integrity" "sha512-1fygroTLlHu66zi26VoTDv8yRgm0Fccecssto+MhsZ0D/DGW2sm8E8AjW7NU5VVTRt5GxbeZ5qBuJr+HyLYkjQ=="
  "resolved" "https://registry.npmmirror.com/picocolors/-/picocolors-1.0.0.tgz"
  "version" "1.0.0"

"picomatch@^2.0.4", "picomatch@^2.2.1", "picomatch@^2.3.1":
  "integrity" "sha512-JU3teHTNjmE2VCGFzuY8EXzCDVwEqB2a8fsIvwaStHhAWJEeVd1o1QD80CU6+ZdEXXSLbSsuLwJjkCBWqRQUVA=="
  "resolved" "https://registry.npmmirror.com/picomatch/-/picomatch-2.3.1.tgz"
  "version" "2.3.1"

"postcss-px-to-viewport@^1.1.1":
  "integrity" "sha512-2x9oGnBms+e0cYtBJOZdlwrFg/mLR4P1g2IFu7jYKvnqnH/HLhoKyareW2Q/x4sg0BgklHlP1qeWo2oCyPm8FQ=="
  "resolved" "https://registry.npmmirror.com/postcss-px-to-viewport/-/postcss-px-to-viewport-1.1.1.tgz"
  "version" "1.1.1"
  dependencies:
    "object-assign" ">=4.0.1"
    "postcss" ">=5.0.2"

"postcss-pxtorem@5":
  "integrity" "sha512-uvgIujL/pn0GbZ+rczESD2orHsbXrrCqi+q9wJO8PCk3ZGCoVVtu5hZTbtk+tbZHZP5UkTfCvqOrTZs9Ncqfsg=="
  "resolved" "https://registry.npmmirror.com/postcss-pxtorem/-/postcss-pxtorem-5.1.1.tgz"
  "version" "5.1.1"
  dependencies:
    "postcss" "^7.0.27"

"postcss-value-parser@^4.2.0":
  "integrity" "sha512-1NNCs6uurfkVbeXG4S8JFT9t19m45ICnif8zWLd5oPSZ50QnwMfK+H3jv408d4jw/7Bttv5axS5IiHoLaVNHeQ=="
  "resolved" "https://registry.npmmirror.com/postcss-value-parser/-/postcss-value-parser-4.2.0.tgz"
  "version" "4.2.0"

"postcss@^7.0.27":
  "integrity" "sha512-yioayjNbHn6z1/Bywyb2Y4s3yvDAeXGOyxqD+LnVOinq6Mdmd++SW2wUNVzavyyHxd6+DxzWGIuosg6P1Rj8uA=="
  "resolved" "https://registry.npmmirror.com/postcss/-/postcss-7.0.39.tgz"
  "version" "7.0.39"
  dependencies:
    "picocolors" "^0.2.1"
    "source-map" "^0.6.1"

"postcss@^8.1.0", "postcss@^8.1.10", "postcss@^8.4.18", "postcss@>=5.0.2":
  "integrity" "sha512-Wi8mWhncLJm11GATDaQKobXSNEYGUHeQLiQqDFG1qQ5UTDPTEvKw0Xt5NsTpktGTwLps3ByrWsBrG0rB8YQ9oA=="
  "resolved" "https://registry.npmmirror.com/postcss/-/postcss-8.4.18.tgz"
  "version" "8.4.18"
  dependencies:
    "nanoid" "^3.3.4"
    "picocolors" "^1.0.0"
    "source-map-js" "^1.0.2"

"queue-microtask@^1.2.2":
  "integrity" "sha512-NuaNSa6flKT5JaSYQzJok04JzTL1CA6aGhv5rfLW3PgqA+M2ChpZQnAC8h8i4ZFkBS8X5RqkDBHA7r4hej3K9A=="
  "resolved" "https://registry.npmmirror.com/queue-microtask/-/queue-microtask-1.2.3.tgz"
  "version" "1.2.3"

"readdirp@~3.6.0":
  "integrity" "sha512-hOS089on8RduqdbhvQ5Z37A0ESjsqz6qnRcffsMU3495FuTdqSm+7bhJ29JvIOsBDEEnan5DPu9t3To9VRlMzA=="
  "resolved" "https://registry.npmmirror.com/readdirp/-/readdirp-3.6.0.tgz"
  "version" "3.6.0"
  dependencies:
    "picomatch" "^2.2.1"

"resolve@^1.22.1":
  "integrity" "sha512-nBpuuYuY5jFsli/JIs1oldw6fOQCBioohqWZg/2hiaOybXOft4lonv85uDOKXdf8rhyK159cxU5cDcK/NKk8zw=="
  "resolved" "https://registry.npmmirror.com/resolve/-/resolve-1.22.1.tgz"
  "version" "1.22.1"
  dependencies:
    "is-core-module" "^2.9.0"
    "path-parse" "^1.0.7"
    "supports-preserve-symlinks-flag" "^1.0.0"

"reusify@^1.0.4":
  "integrity" "sha512-U9nH88a3fc/ekCF1l0/UP1IosiuIjyTh7hBvXVMHYgVcfGvt897Xguj2UOLDeI5BG2m7/uwyaLVT6fbtCwTyzw=="
  "resolved" "https://registry.npmmirror.com/reusify/-/reusify-1.0.4.tgz"
  "version" "1.0.4"

"rollup@^1.20.0||^2.0.0||^3.0.0", "rollup@^2.79.1":
  "integrity" "sha512-uKxbd0IhMZOhjAiD5oAFp7BqvkA4Dv47qpOCtaNvng4HBwdbWtdOh8f5nZNuk2rp51PMGk3bzfWu5oayNEuYnw=="
  "resolved" "https://registry.npmmirror.com/rollup/-/rollup-2.79.1.tgz"
  "version" "2.79.1"
  optionalDependencies:
    "fsevents" "~2.3.2"

"run-parallel@^1.1.9":
  "integrity" "sha512-5l4VyZR86LZ/lDxZTR6jqL8AFE2S0IFLMP26AbjsLVADxHdhB/c0GUsH+y39UfCi3dzz8OlQuPmnaJOMoDHQBA=="
  "resolved" "https://registry.npmmirror.com/run-parallel/-/run-parallel-1.2.0.tgz"
  "version" "1.2.0"
  dependencies:
    "queue-microtask" "^1.2.2"

"sass@*", "sass@^1.30.0":
  "integrity" "sha512-26EUhOXRLaUY7+mWuRFqGeGGNmhB1vblpTENO1Z7mAzzIZeVxZr9EZoaY1kyGLFWdSOZxRMAufiN2mkbO6dAlw=="
  "resolved" "https://registry.npmmirror.com/sass/-/sass-1.30.0.tgz"
  "version" "1.30.0"
  dependencies:
    "chokidar" ">=2.0.0 <4.0.0"

"source-map-js@^1.0.2":
  "integrity" "sha512-R0XvVJ9WusLiqTCEiGCmICCMplcCkIwwR11mOSD9CR5u+IXYdiseeEuXCVAjS54zqwkLcPNnmU4OeJ6tUrWhDw=="
  "resolved" "https://registry.npmmirror.com/source-map-js/-/source-map-js-1.0.2.tgz"
  "version" "1.0.2"

"source-map@^0.6.1":
  "integrity" "sha512-UjgapumWlbMhkBgzT7Ykc5YXUT46F0iKu8SGXq0bcwP5dz/h0Plj6enJqjz1Zbq2l5WaqYnrVbwWOWMyF3F47g=="
  "resolved" "https://registry.npmmirror.com/source-map/-/source-map-0.6.1.tgz"
  "version" "0.6.1"

"sourcemap-codec@^1.4.8":
  "integrity" "sha512-9NykojV5Uih4lgo5So5dtw+f0JgJX30KCNI8gwhz2J9A15wD0Ml6tjHKwf6fTSa6fAdVBdZeNOs9eJ71qCk8vA=="
  "resolved" "https://registry.npmmirror.com/sourcemap-codec/-/sourcemap-codec-1.4.8.tgz"
  "version" "1.4.8"

"ssr-window@^4.0.0", "ssr-window@^4.0.2":
  "integrity" "sha512-ISv/Ch+ig7SOtw7G2+qkwfVASzazUnvlDTwypdLoPoySv+6MqlOV10VwPSE6EWkGjhW50lUmghPmpYZXMu/+AQ=="
  "resolved" "https://registry.npmmirror.com/ssr-window/-/ssr-window-4.0.2.tgz"
  "version" "4.0.2"

"supports-preserve-symlinks-flag@^1.0.0":
  "integrity" "sha512-ot0WnXS9fgdkgIcePe6RHNk1WA8+muPa6cSjeR3V8K27q9BB1rTE3R1p7Hv0z1ZyAc8s6Vvv8DIyWf681MAt0w=="
  "resolved" "https://registry.npmmirror.com/supports-preserve-symlinks-flag/-/supports-preserve-symlinks-flag-1.0.0.tgz"
  "version" "1.0.0"

"swiper@^8.4.4":
  "integrity" "sha512-jA/8BfOZwT8PqPSnMX0TENZYitXEhNa7ZSNj1Diqh5LZyUJoBQaZcqAiPQ/PIg1+IPaRn/V8ZYVb0nxHMh51yw=="
  "resolved" "https://registry.npmmirror.com/swiper/-/swiper-8.4.4.tgz"
  "version" "8.4.4"
  dependencies:
    "dom7" "^4.0.4"
    "ssr-window" "^4.0.2"

"to-regex-range@^5.0.1":
  "integrity" "sha512-65P7iz6X5yEr1cwcgvQxbbIw7Uk3gOy5dIdtZ4rDveLqhrdJP+Li/Hx6tyK0NEb+2GCyneCMJiGqrADCSNk8sQ=="
  "resolved" "https://registry.npmmirror.com/to-regex-range/-/to-regex-range-5.0.1.tgz"
  "version" "5.0.1"
  dependencies:
    "is-number" "^7.0.0"

"typescript@*", "typescript@^4.6.4":
  "integrity" "sha512-QCh+85mCy+h0IGff8r5XWzOVSbBO+KfeYrMQh7NJ58QujwcE22u+NUSmUxqF+un70P9GXKxa2HCNiTTMJknyjQ=="
  "resolved" "https://registry.npmmirror.com/typescript/-/typescript-4.8.4.tgz"
  "version" "4.8.4"

"unplugin-vue-components@^0.22.9":
  "integrity" "sha512-qBvooq3EgpjtYicxeccRUGUBBQCCw9rJ0kHPZPOSJd8TBZViSv86vuKLTRDHPyjWtclwOIkVStZJfPdJFhYUMw=="
  "resolved" "https://registry.npmmirror.com/unplugin-vue-components/-/unplugin-vue-components-0.22.9.tgz"
  "version" "0.22.9"
  dependencies:
    "@antfu/utils" "^0.6.0"
    "@rollup/pluginutils" "^5.0.2"
    "chokidar" "^3.5.3"
    "debug" "^4.3.4"
    "fast-glob" "^3.2.12"
    "local-pkg" "^0.4.2"
    "magic-string" "^0.26.7"
    "minimatch" "^5.1.0"
    "resolve" "^1.22.1"
    "unplugin" "^0.10.1"

"unplugin@^0.10.1":
  "integrity" "sha512-6rk7GUa4ICYjae5PrAllvcDeuT8pA9+j5J5EkxbMFaV+SalHhxZ7X2dohMzu6C3XzsMT+6jwR/+pwPNR3uK9MA=="
  "resolved" "https://registry.npmmirror.com/unplugin/-/unplugin-0.10.2.tgz"
  "version" "0.10.2"
  dependencies:
    "acorn" "^8.8.0"
    "chokidar" "^3.5.3"
    "webpack-sources" "^3.2.3"
    "webpack-virtual-modules" "^0.4.5"

"update-browserslist-db@^1.0.9":
  "integrity" "sha512-OztqDenkfFkbSG+tRxBeAnCVPckDBcvibKd35yDONx6OU8N7sqgwc7rCbkJ/WcYtVRZ4ba68d6byhC21GFh7sQ=="
  "resolved" "https://registry.npmmirror.com/update-browserslist-db/-/update-browserslist-db-1.0.10.tgz"
  "version" "1.0.10"
  dependencies:
    "escalade" "^3.1.1"
    "picocolors" "^1.0.0"

"vant@^3.6.5":
  "integrity" "sha512-TVTs5impkF6qPvCn+qhpcuNyxy0rCRA161JYkK5rFpKhwWftq4TOSTZAHGCW2kVFtrwl0Zp715GXEed/hxivYw=="
  "resolved" "https://registry.npmmirror.com/vant/-/vant-3.6.5.tgz"
  "version" "3.6.5"
  dependencies:
    "@vant/icons" "^1.8.0"
    "@vant/popperjs" "^1.2.1"
    "@vant/use" "^1.4.2"

"vite@^3.0.0", "vite@^3.2.3":
  "integrity" "sha512-h8jl1TZ76eGs3o2dIBSsvXDLb1m/Ec1iej8ZMdz+PsaFUsftZeWe2CZOI3qogEsMNaywc17gu0q6cQDzh/weCQ=="
  "resolved" "https://registry.npmmirror.com/vite/-/vite-3.2.3.tgz"
  "version" "3.2.3"
  dependencies:
    "esbuild" "^0.15.9"
    "postcss" "^8.4.18"
    "resolve" "^1.22.1"
    "rollup" "^2.79.1"
  optionalDependencies:
    "fsevents" "~2.3.2"

"vue-router@^4.1.6":
  "integrity" "sha512-DYWYwsG6xNPmLq/FmZn8Ip+qrhFEzA14EI12MsMgVxvHFDYvlr4NXpVF5hrRH1wVcDP8fGi5F4rxuJSl8/r+EQ=="
  "resolved" "https://registry.npmmirror.com/vue-router/-/vue-router-4.1.6.tgz"
  "version" "4.1.6"
  dependencies:
    "@vue/devtools-api" "^6.4.5"

"vue-template-compiler@^2.7.10":
  "integrity" "sha512-zyA5Y3ArvVG0NacJDkkzJuPQDF8RFeRlzV2vLeSnhSpieO6LK2OVbdLPi5MPPs09Ii+gMO8nY4S3iKQxBxDmWQ=="
  "resolved" "https://registry.npmmirror.com/vue-template-compiler/-/vue-template-compiler-2.7.14.tgz"
  "version" "2.7.14"
  dependencies:
    "de-indent" "^1.0.2"
    "he" "^1.2.0"

"vue-tsc@^1.0.9":
  "integrity" "sha512-vRmHD1K6DmBymNhoHjQy/aYKTRQNLGOu2/ESasChG9Vy113K6CdP0NlhR0bzgFJfv2eFB9Ez/9L5kIciUajBxQ=="
  "resolved" "https://registry.npmmirror.com/vue-tsc/-/vue-tsc-1.0.9.tgz"
  "version" "1.0.9"
  dependencies:
    "@volar/vue-language-core" "1.0.9"
    "@volar/vue-typescript" "1.0.9"

"vue@^3.0.0", "vue@^3.0.2", "vue@^3.2.0", "vue@^3.2.25", "vue@^3.2.41", "vue@2 || 3", "vue@3.2.42":
  "integrity" "sha512-gH7e5YD9IkX9Lv0QmB+Z7Jac2t7GYHg2AZrgkzQdCmyaUIdSbp6DhdeTM5HO6JbPuRgD1Iu06N9MXxjJ//NnNQ=="
  "resolved" "https://registry.npmmirror.com/vue/-/vue-3.2.42.tgz"
  "version" "3.2.42"
  dependencies:
    "@vue/compiler-dom" "3.2.42"
    "@vue/compiler-sfc" "3.2.42"
    "@vue/runtime-dom" "3.2.42"
    "@vue/server-renderer" "3.2.42"
    "@vue/shared" "3.2.42"

"vuex@^4.0.2":
  "integrity" "sha512-M6r8uxELjZIK8kTKDGgZTYX/ahzblnzC4isU1tpmEuOIIKmV+TRdc+H4s8ds2NuZ7wpUTdGRzJRtoj+lI+pc0Q=="
  "resolved" "https://registry.npmmirror.com/vuex/-/vuex-4.0.2.tgz"
  "version" "4.0.2"
  dependencies:
    "@vue/devtools-api" "^6.0.0-beta.11"

"webpack-sources@^3.2.3":
  "integrity" "sha512-/DyMEOrDgLKKIG0fmvtz+4dUX/3Ghozwgm6iPp8KRhvn+eQf9+Q7GWxVNMk3+uCPWfdXYC4ExGBckIXdFEfH1w=="
  "resolved" "https://registry.npmmirror.com/webpack-sources/-/webpack-sources-3.2.3.tgz"
  "version" "3.2.3"

"webpack-virtual-modules@^0.4.5":
  "integrity" "sha512-5tyDlKLqPfMqjT3Q9TAqf2YqjwmnUleZwzJi1A5qXnlBCdj2AtOJ6wAWdglTIDOPgOiOrXeBeFcsQ8+aGQ6QbA=="
  "resolved" "https://registry.npmmirror.com/webpack-virtual-modules/-/webpack-virtual-modules-0.4.6.tgz"
  "version" "0.4.6"
